
Microsoft Visual Studio Solution File, Format Version 12.00
# Visual Studio 15
VisualStudioVersion = 15.0.28307.271
MinimumVisualStudioVersion = 10.0.40219.1
Project("{FAE04EC0-301F-11D3-BF4B-00C04F79EFBC}") = "TestRunHelper", "TestRunHelper\TestRunHelper.csproj", "{0EBD0D81-D7B8-49AF-9F0E-B333D970A3D1}"
EndProject
Global
	GlobalSection(SolutionConfigurationPlatforms) = preSolution
		Debug|Any CPU = Debug|Any CPU
		Release|Any CPU = Release|Any CPU
	EndGlobalSection
	GlobalSection(ProjectConfigurationPlatforms) = postSolution
		{0EBD0D81-D7B8-49AF-9F0E-B333D970A3D1}.Debug|Any CPU.ActiveCfg = Debug|Any CPU
		{0EBD0D81-D7B8-49AF-9F0E-B333D970A3D1}.Debug|Any CPU.Build.0 = Debug|Any CPU
		{0EBD0D81-D7B8-49AF-9F0E-B333D970A3D1}.Release|Any CPU.ActiveCfg = Release|Any CPU
		{0EBD0D81-D7B8-49AF-9F0E-B333D970A3D1}.Release|Any CPU.Build.0 = Release|Any CPU
	EndGlobalSection
	GlobalSection(SolutionProperties) = preSolution
		HideSolutionNode = FALSE
	EndGlobalSection
	GlobalSection(ExtensibilityGlobals) = postSolution
		SolutionGuid = {01D2221B-6173-465D-92B2-BD3626CAED31}
	EndGlobalSection
EndGlobal
